
Microsoft Visual Studio Solution File, Format Version 12.00
# Visual Studio Version 17
VisualStudioVersion = 17.3.32922.545
MinimumVisualStudioVersion = 10.0.40219.1
Project("{FAE04EC0-301F-11D3-BF4B-00C04F79EFBC}") = "AspNetCoreIdentity_Authentication_Authorization", "AspNetCoreIdentity_Authentication_Authorization\AspNetCoreIdentity_Authentication_Authorization.csproj", "{E72C77D4-FE6F-4D50-B857-6763EA01E816}"
EndProject
Global
	GlobalSection(SolutionConfigurationPlatforms) = preSolution
		Debug|Any CPU = Debug|Any CPU
		Release|Any CPU = Release|Any CPU
	EndGlobalSection
	GlobalSection(ProjectConfigurationPlatforms) = postSolution
		{E72C77D4-FE6F-4D50-B857-6763EA01E816}.Debug|Any CPU.ActiveCfg = Debug|Any CPU
		{E72C77D4-FE6F-4D50-B857-6763EA01E816}.Debug|Any CPU.Build.0 = Debug|Any CPU
		{E72C77D4-FE6F-4D50-B857-6763EA01E816}.Release|Any CPU.ActiveCfg = Release|Any CPU
		{E72C77D4-FE6F-4D50-B857-6763EA01E816}.Release|Any CPU.Build.0 = Release|Any CPU
	EndGlobalSection
	GlobalSection(SolutionProperties) = preSolution
		HideSolutionNode = FALSE
	EndGlobalSection
	GlobalSection(ExtensibilityGlobals) = postSolution
		SolutionGuid = {8BA1D215-5BB4-48B7-B89A-86001CCE11C9}
	EndGlobalSection
EndGlobal
