
Microsoft Visual Studio Solution File, Format Version 12.00
# Visual Studio Version 17
VisualStudioVersion = 17.3.32922.545
MinimumVisualStudioVersion = 10.0.40219.1
Project("{FAE04EC0-301F-11D3-BF4B-00C04F79EFBC}") = "MongoDB_Crud", "MongoDB_Crud\MongoDB_Crud.csproj", "{6E0C3182-F773-4177-983D-4DD4E30A5CFA}"
EndProject
Global
	GlobalSection(SolutionConfigurationPlatforms) = preSolution
		Debug|Any CPU = Debug|Any CPU
		Release|Any CPU = Release|Any CPU
	EndGlobalSection
	GlobalSection(ProjectConfigurationPlatforms) = postSolution
		{6E0C3182-F773-4177-983D-4DD4E30A5CFA}.Debug|Any CPU.ActiveCfg = Debug|Any CPU
		{6E0C3182-F773-4177-983D-4DD4E30A5CFA}.Debug|Any CPU.Build.0 = Debug|Any CPU
		{6E0C3182-F773-4177-983D-4DD4E30A5CFA}.Release|Any CPU.ActiveCfg = Release|Any CPU
		{6E0C3182-F773-4177-983D-4DD4E30A5CFA}.Release|Any CPU.Build.0 = Release|Any CPU
	EndGlobalSection
	GlobalSection(SolutionProperties) = preSolution
		HideSolutionNode = FALSE
	EndGlobalSection
	GlobalSection(ExtensibilityGlobals) = postSolution
		SolutionGuid = {BC362CE8-E977-49BF-971D-F70CCE28F330}
	EndGlobalSection
EndGlobal
